# This file is automatically @generated by Cargo.
# It is not intended for manual editing.
version = 4

[[package]]
name = "udp-counter"
version = "0.1.0"

[[package]]
name = "zpld-framework"
version = "0.1.0"

[[package]]
name = "zpld-supervisor"
version = "0.1.0"

[[package]]
name = "zpldctl"
version = "0.1.0"
